
Microsoft Visual Studio Solution File, Format Version 12.00
# Visual Studio Version 16
VisualStudioVersion = 16.0.28531.58
MinimumVisualStudioVersion = 10.0.40219.1
Project("{9A19103F-16F7-4668-BE54-9A1E7A4F7556}") = "HelloWorld", "HelloWorld\HelloWorld.csproj", "{DAFAB6DC-A156-44E2-84F7-DADCD0FAC0B0}"
EndProject
Project("{9A19103F-16F7-4668-BE54-9A1E7A4F7556}") = "System.Object", "Capitolo 4\System.Object\System.Object.csproj", "{8BDD1635-5494-4790-9755-A2BE5751FD0E}"
EndProject
Project("{2150E333-8FDC-42A3-9474-1A3956D46DE8}") = "Capitolo 4", "Capitolo 4", "{6079DD12-E2B7-4727-B5F6-A50420B55E74}"
EndProject
Project("{9A19103F-16F7-4668-BE54-9A1E7A4F7556}") = "Utilizzo Tipi", "Capitolo 4\ConsoleApp1\Utilizzo Tipi.csproj", "{34CBD1BD-FF02-40E4-86D6-149087712CA8}"
EndProject
Project("{9A19103F-16F7-4668-BE54-9A1E7A4F7556}") = "Null", "Dev4\Null\Null.csproj", "{BAE1551E-45E0-4BD7-B95A-FFD2FA975084}"
EndProject
Project("{2150E333-8FDC-42A3-9474-1A3956D46DE8}") = "Capitolo 5", "Capitolo 5", "{8FC05C3D-2F6D-4257-8A7C-BB5F4ADDAAEB}"
EndProject
Project("{FAE04EC0-301F-11D3-BF4B-00C04F79EFBC}") = "IsPatternMatching", "Capitolo 5\IsPatternMatching\IsPatternMatching.csproj", "{92FD08BF-D150-4A34-AF40-C2ED7982899A}"
EndProject
Project("{2150E333-8FDC-42A3-9474-1A3956D46DE8}") = "Capitolo 6", "Capitolo 6", "{F37F279E-2609-4DC7-93C7-8481913CD911}"
EndProject
Project("{9A19103F-16F7-4668-BE54-9A1E7A4F7556}") = "Switch", "Capitolo 6\Switch\Switch.csproj", "{BFA5BAFF-AC5F-4729-A9AE-73E40EB1C087}"
EndProject
Project("{9A19103F-16F7-4668-BE54-9A1E7A4F7556}") = "Istruzione If", "Capitolo 6\Istruzione If\Istruzione If.csproj", "{0D9139C0-11DF-43C3-A8CC-93B70B86F237}"
EndProject
Project("{9A19103F-16F7-4668-BE54-9A1E7A4F7556}") = "SwitchExpression", "Capitolo 6\SwitchExpression\SwitchExpression.csproj", "{5E11A775-3399-4EBE-BEDC-E4F7C6299DCA}"
EndProject
Project("{9A19103F-16F7-4668-BE54-9A1E7A4F7556}") = "DeconstructPattern", "Capitolo 5\DeconstructPattern\DeconstructPattern.csproj", "{960F946F-C0E8-41A3-94ED-72DAECA47CBC}"
EndProject
Project("{2150E333-8FDC-42A3-9474-1A3956D46DE8}") = "Capitolo 7", "Capitolo 7", "{BFE0999A-47D1-4A4B-8033-D84DFA140C10}"
EndProject
Project("{FAE04EC0-301F-11D3-BF4B-00C04F79EFBC}") = "Classi", "Capitolo 7\Classi\Classi.csproj", "{CF6473E1-7341-4981-8F6C-9E8FEF414298}"
EndProject
Project("{FAE04EC0-301F-11D3-BF4B-00C04F79EFBC}") = "Indexer", "Capitolo 7\Indexer\Indexer.csproj", "{FEDCC58E-A10A-420F-8700-AF4F7DFF8C06}"
EndProject
Project("{FAE04EC0-301F-11D3-BF4B-00C04F79EFBC}") = "Metodi", "Capitolo 7\Metodi\Metodi.csproj", "{6C4F5893-130C-4DAF-85CF-A391BDB8A463}"
EndProject
Project("{FAE04EC0-301F-11D3-BF4B-00C04F79EFBC}") = "MetodiEstensione", "Capitolo 7\MetodiEstensione\MetodiEstensione.csproj", "{61799C24-083A-478D-94FB-40149C68765E}"
EndProject
Project("{FAE04EC0-301F-11D3-BF4B-00C04F79EFBC}") = "OperatorOverloading", "Capitolo 7\OperatorOverloading\OperatorOverloading.csproj", "{608A790F-C758-421D-88A8-2FF4DFF63341}"
EndProject
Project("{FAE04EC0-301F-11D3-BF4B-00C04F79EFBC}") = "Proprietà", "Capitolo 7\Proprietà\Proprietà.csproj", "{3D0BE987-97FB-4FB5-86E4-0D0D7F9C9763}"
EndProject
Project("{FAE04EC0-301F-11D3-BF4B-00C04F79EFBC}") = "Structs", "Capitolo 7\Structs\Structs.csproj", "{E2BC2AB8-D2E7-4CA5-BAA5-D9F481BB656F}"
EndProject
Project("{FAE04EC0-301F-11D3-BF4B-00C04F79EFBC}") = "TipiAnonimi", "Capitolo 7\TipiAnonimi\TipiAnonimi.csproj", "{1B586378-4220-469D-B8D1-4620DFADFFBF}"
EndProject
Project("{FAE04EC0-301F-11D3-BF4B-00C04F79EFBC}") = "TipiInnestati", "Capitolo 7\TipiInnestati\TipiInnestati.csproj", "{7D1D1E18-73BC-40FC-B21C-7BFD8D2A44D0}"
EndProject
Project("{FAE04EC0-301F-11D3-BF4B-00C04F79EFBC}") = "TipiParziali", "Capitolo 7\TipiParziali\TipiParziali.csproj", "{23D5FC78-E39C-47AD-9FD2-9B8B7804842B}"
EndProject
Global
	GlobalSection(SolutionConfigurationPlatforms) = preSolution
		Debug|Any CPU = Debug|Any CPU
		Release|Any CPU = Release|Any CPU
	EndGlobalSection
	GlobalSection(ProjectConfigurationPlatforms) = postSolution
		{DAFAB6DC-A156-44E2-84F7-DADCD0FAC0B0}.Debug|Any CPU.ActiveCfg = Debug|Any CPU
		{DAFAB6DC-A156-44E2-84F7-DADCD0FAC0B0}.Debug|Any CPU.Build.0 = Debug|Any CPU
		{DAFAB6DC-A156-44E2-84F7-DADCD0FAC0B0}.Release|Any CPU.ActiveCfg = Release|Any CPU
		{DAFAB6DC-A156-44E2-84F7-DADCD0FAC0B0}.Release|Any CPU.Build.0 = Release|Any CPU
		{8BDD1635-5494-4790-9755-A2BE5751FD0E}.Debug|Any CPU.ActiveCfg = Debug|Any CPU
		{8BDD1635-5494-4790-9755-A2BE5751FD0E}.Debug|Any CPU.Build.0 = Debug|Any CPU
		{8BDD1635-5494-4790-9755-A2BE5751FD0E}.Release|Any CPU.ActiveCfg = Release|Any CPU
		{8BDD1635-5494-4790-9755-A2BE5751FD0E}.Release|Any CPU.Build.0 = Release|Any CPU
		{34CBD1BD-FF02-40E4-86D6-149087712CA8}.Debug|Any CPU.ActiveCfg = Debug|Any CPU
		{34CBD1BD-FF02-40E4-86D6-149087712CA8}.Debug|Any CPU.Build.0 = Debug|Any CPU
		{34CBD1BD-FF02-40E4-86D6-149087712CA8}.Release|Any CPU.ActiveCfg = Release|Any CPU
		{34CBD1BD-FF02-40E4-86D6-149087712CA8}.Release|Any CPU.Build.0 = Release|Any CPU
		{BAE1551E-45E0-4BD7-B95A-FFD2FA975084}.Debug|Any CPU.ActiveCfg = Debug|Any CPU
		{BAE1551E-45E0-4BD7-B95A-FFD2FA975084}.Debug|Any CPU.Build.0 = Debug|Any CPU
		{BAE1551E-45E0-4BD7-B95A-FFD2FA975084}.Release|Any CPU.ActiveCfg = Release|Any CPU
		{BAE1551E-45E0-4BD7-B95A-FFD2FA975084}.Release|Any CPU.Build.0 = Release|Any CPU
		{92FD08BF-D150-4A34-AF40-C2ED7982899A}.Debug|Any CPU.ActiveCfg = Debug|Any CPU
		{92FD08BF-D150-4A34-AF40-C2ED7982899A}.Debug|Any CPU.Build.0 = Debug|Any CPU
		{92FD08BF-D150-4A34-AF40-C2ED7982899A}.Release|Any CPU.ActiveCfg = Release|Any CPU
		{92FD08BF-D150-4A34-AF40-C2ED7982899A}.Release|Any CPU.Build.0 = Release|Any CPU
		{BFA5BAFF-AC5F-4729-A9AE-73E40EB1C087}.Debug|Any CPU.ActiveCfg = Debug|Any CPU
		{BFA5BAFF-AC5F-4729-A9AE-73E40EB1C087}.Debug|Any CPU.Build.0 = Debug|Any CPU
		{BFA5BAFF-AC5F-4729-A9AE-73E40EB1C087}.Release|Any CPU.ActiveCfg = Release|Any CPU
		{BFA5BAFF-AC5F-4729-A9AE-73E40EB1C087}.Release|Any CPU.Build.0 = Release|Any CPU
		{0D9139C0-11DF-43C3-A8CC-93B70B86F237}.Debug|Any CPU.ActiveCfg = Debug|Any CPU
		{0D9139C0-11DF-43C3-A8CC-93B70B86F237}.Debug|Any CPU.Build.0 = Debug|Any CPU
		{0D9139C0-11DF-43C3-A8CC-93B70B86F237}.Release|Any CPU.ActiveCfg = Release|Any CPU
		{0D9139C0-11DF-43C3-A8CC-93B70B86F237}.Release|Any CPU.Build.0 = Release|Any CPU
		{5E11A775-3399-4EBE-BEDC-E4F7C6299DCA}.Debug|Any CPU.ActiveCfg = Debug|Any CPU
		{5E11A775-3399-4EBE-BEDC-E4F7C6299DCA}.Debug|Any CPU.Build.0 = Debug|Any CPU
		{5E11A775-3399-4EBE-BEDC-E4F7C6299DCA}.Release|Any CPU.ActiveCfg = Release|Any CPU
		{5E11A775-3399-4EBE-BEDC-E4F7C6299DCA}.Release|Any CPU.Build.0 = Release|Any CPU
		{960F946F-C0E8-41A3-94ED-72DAECA47CBC}.Debug|Any CPU.ActiveCfg = Debug|Any CPU
		{960F946F-C0E8-41A3-94ED-72DAECA47CBC}.Debug|Any CPU.Build.0 = Debug|Any CPU
		{960F946F-C0E8-41A3-94ED-72DAECA47CBC}.Release|Any CPU.ActiveCfg = Release|Any CPU
		{960F946F-C0E8-41A3-94ED-72DAECA47CBC}.Release|Any CPU.Build.0 = Release|Any CPU
		{CF6473E1-7341-4981-8F6C-9E8FEF414298}.Debug|Any CPU.ActiveCfg = Debug|Any CPU
		{CF6473E1-7341-4981-8F6C-9E8FEF414298}.Debug|Any CPU.Build.0 = Debug|Any CPU
		{CF6473E1-7341-4981-8F6C-9E8FEF414298}.Release|Any CPU.ActiveCfg = Release|Any CPU
		{CF6473E1-7341-4981-8F6C-9E8FEF414298}.Release|Any CPU.Build.0 = Release|Any CPU
		{FEDCC58E-A10A-420F-8700-AF4F7DFF8C06}.Debug|Any CPU.ActiveCfg = Debug|Any CPU
		{FEDCC58E-A10A-420F-8700-AF4F7DFF8C06}.Debug|Any CPU.Build.0 = Debug|Any CPU
		{FEDCC58E-A10A-420F-8700-AF4F7DFF8C06}.Release|Any CPU.ActiveCfg = Release|Any CPU
		{FEDCC58E-A10A-420F-8700-AF4F7DFF8C06}.Release|Any CPU.Build.0 = Release|Any CPU
		{6C4F5893-130C-4DAF-85CF-A391BDB8A463}.Debug|Any CPU.ActiveCfg = Debug|Any CPU
		{6C4F5893-130C-4DAF-85CF-A391BDB8A463}.Debug|Any CPU.Build.0 = Debug|Any CPU
		{6C4F5893-130C-4DAF-85CF-A391BDB8A463}.Release|Any CPU.ActiveCfg = Release|Any CPU
		{6C4F5893-130C-4DAF-85CF-A391BDB8A463}.Release|Any CPU.Build.0 = Release|Any CPU
		{61799C24-083A-478D-94FB-40149C68765E}.Debug|Any CPU.ActiveCfg = Debug|Any CPU
		{61799C24-083A-478D-94FB-40149C68765E}.Debug|Any CPU.Build.0 = Debug|Any CPU
		{61799C24-083A-478D-94FB-40149C68765E}.Release|Any CPU.ActiveCfg = Release|Any CPU
		{61799C24-083A-478D-94FB-40149C68765E}.Release|Any CPU.Build.0 = Release|Any CPU
		{608A790F-C758-421D-88A8-2FF4DFF63341}.Debug|Any CPU.ActiveCfg = Debug|Any CPU
		{608A790F-C758-421D-88A8-2FF4DFF63341}.Debug|Any CPU.Build.0 = Debug|Any CPU
		{608A790F-C758-421D-88A8-2FF4DFF63341}.Release|Any CPU.ActiveCfg = Release|Any CPU
		{608A790F-C758-421D-88A8-2FF4DFF63341}.Release|Any CPU.Build.0 = Release|Any CPU
		{3D0BE987-97FB-4FB5-86E4-0D0D7F9C9763}.Debug|Any CPU.ActiveCfg = Debug|Any CPU
		{3D0BE987-97FB-4FB5-86E4-0D0D7F9C9763}.Debug|Any CPU.Build.0 = Debug|Any CPU
		{3D0BE987-97FB-4FB5-86E4-0D0D7F9C9763}.Release|Any CPU.ActiveCfg = Release|Any CPU
		{3D0BE987-97FB-4FB5-86E4-0D0D7F9C9763}.Release|Any CPU.Build.0 = Release|Any CPU
		{E2BC2AB8-D2E7-4CA5-BAA5-D9F481BB656F}.Debug|Any CPU.ActiveCfg = Debug|Any CPU
		{E2BC2AB8-D2E7-4CA5-BAA5-D9F481BB656F}.Debug|Any CPU.Build.0 = Debug|Any CPU
		{E2BC2AB8-D2E7-4CA5-BAA5-D9F481BB656F}.Release|Any CPU.ActiveCfg = Release|Any CPU
		{E2BC2AB8-D2E7-4CA5-BAA5-D9F481BB656F}.Release|Any CPU.Build.0 = Release|Any CPU
		{1B586378-4220-469D-B8D1-4620DFADFFBF}.Debug|Any CPU.ActiveCfg = Debug|Any CPU
		{1B586378-4220-469D-B8D1-4620DFADFFBF}.Debug|Any CPU.Build.0 = Debug|Any CPU
		{1B586378-4220-469D-B8D1-4620DFADFFBF}.Release|Any CPU.ActiveCfg = Release|Any CPU
		{1B586378-4220-469D-B8D1-4620DFADFFBF}.Release|Any CPU.Build.0 = Release|Any CPU
		{7D1D1E18-73BC-40FC-B21C-7BFD8D2A44D0}.Debug|Any CPU.ActiveCfg = Debug|Any CPU
		{7D1D1E18-73BC-40FC-B21C-7BFD8D2A44D0}.Debug|Any CPU.Build.0 = Debug|Any CPU
		{7D1D1E18-73BC-40FC-B21C-7BFD8D2A44D0}.Release|Any CPU.ActiveCfg = Release|Any CPU
		{7D1D1E18-73BC-40FC-B21C-7BFD8D2A44D0}.Release|Any CPU.Build.0 = Release|Any CPU
		{23D5FC78-E39C-47AD-9FD2-9B8B7804842B}.Debug|Any CPU.ActiveCfg = Debug|Any CPU
		{23D5FC78-E39C-47AD-9FD2-9B8B7804842B}.Debug|Any CPU.Build.0 = Debug|Any CPU
		{23D5FC78-E39C-47AD-9FD2-9B8B7804842B}.Release|Any CPU.ActiveCfg = Release|Any CPU
		{23D5FC78-E39C-47AD-9FD2-9B8B7804842B}.Release|Any CPU.Build.0 = Release|Any CPU
	EndGlobalSection
	GlobalSection(SolutionProperties) = preSolution
		HideSolutionNode = FALSE
	EndGlobalSection
	GlobalSection(NestedProjects) = preSolution
		{8BDD1635-5494-4790-9755-A2BE5751FD0E} = {6079DD12-E2B7-4727-B5F6-A50420B55E74}
		{34CBD1BD-FF02-40E4-86D6-149087712CA8} = {6079DD12-E2B7-4727-B5F6-A50420B55E74}
		{BAE1551E-45E0-4BD7-B95A-FFD2FA975084} = {6079DD12-E2B7-4727-B5F6-A50420B55E74}
		{92FD08BF-D150-4A34-AF40-C2ED7982899A} = {8FC05C3D-2F6D-4257-8A7C-BB5F4ADDAAEB}
		{BFA5BAFF-AC5F-4729-A9AE-73E40EB1C087} = {F37F279E-2609-4DC7-93C7-8481913CD911}
		{0D9139C0-11DF-43C3-A8CC-93B70B86F237} = {F37F279E-2609-4DC7-93C7-8481913CD911}
		{5E11A775-3399-4EBE-BEDC-E4F7C6299DCA} = {F37F279E-2609-4DC7-93C7-8481913CD911}
		{960F946F-C0E8-41A3-94ED-72DAECA47CBC} = {8FC05C3D-2F6D-4257-8A7C-BB5F4ADDAAEB}
		{CF6473E1-7341-4981-8F6C-9E8FEF414298} = {BFE0999A-47D1-4A4B-8033-D84DFA140C10}
		{FEDCC58E-A10A-420F-8700-AF4F7DFF8C06} = {BFE0999A-47D1-4A4B-8033-D84DFA140C10}
		{6C4F5893-130C-4DAF-85CF-A391BDB8A463} = {BFE0999A-47D1-4A4B-8033-D84DFA140C10}
		{61799C24-083A-478D-94FB-40149C68765E} = {BFE0999A-47D1-4A4B-8033-D84DFA140C10}
		{608A790F-C758-421D-88A8-2FF4DFF63341} = {BFE0999A-47D1-4A4B-8033-D84DFA140C10}
		{3D0BE987-97FB-4FB5-86E4-0D0D7F9C9763} = {BFE0999A-47D1-4A4B-8033-D84DFA140C10}
		{E2BC2AB8-D2E7-4CA5-BAA5-D9F481BB656F} = {BFE0999A-47D1-4A4B-8033-D84DFA140C10}
		{1B586378-4220-469D-B8D1-4620DFADFFBF} = {BFE0999A-47D1-4A4B-8033-D84DFA140C10}
		{7D1D1E18-73BC-40FC-B21C-7BFD8D2A44D0} = {BFE0999A-47D1-4A4B-8033-D84DFA140C10}
		{23D5FC78-E39C-47AD-9FD2-9B8B7804842B} = {BFE0999A-47D1-4A4B-8033-D84DFA140C10}
	EndGlobalSection
	GlobalSection(ExtensibilityGlobals) = postSolution
		SolutionGuid = {132800A9-22C3-4E68-8C0B-523E7FDC6BE7}
	EndGlobalSection
EndGlobal
