
Microsoft Visual Studio Solution File, Format Version 12.00
# Visual Studio Version 16
VisualStudioVersion = 16.0.28606.126
MinimumVisualStudioVersion = 10.0.40219.1
Project("{FAE04EC0-301F-11D3-BF4B-00C04F79EFBC}") = "System.Object", "System.Object\System.Object.csproj", "{C40263F5-53BC-416B-8C86-5D7349BA7AD5}"
EndProject
Global
	GlobalSection(SolutionConfigurationPlatforms) = preSolution
		Debug|Any CPU = Debug|Any CPU
		Release|Any CPU = Release|Any CPU
	EndGlobalSection
	GlobalSection(ProjectConfigurationPlatforms) = postSolution
		{C40263F5-53BC-416B-8C86-5D7349BA7AD5}.Debug|Any CPU.ActiveCfg = Debug|Any CPU
		{C40263F5-53BC-416B-8C86-5D7349BA7AD5}.Debug|Any CPU.Build.0 = Debug|Any CPU
		{C40263F5-53BC-416B-8C86-5D7349BA7AD5}.Release|Any CPU.ActiveCfg = Release|Any CPU
		{C40263F5-53BC-416B-8C86-5D7349BA7AD5}.Release|Any CPU.Build.0 = Release|Any CPU
	EndGlobalSection
	GlobalSection(SolutionProperties) = preSolution
		HideSolutionNode = FALSE
	EndGlobalSection
	GlobalSection(ExtensibilityGlobals) = postSolution
		SolutionGuid = {D283D5E1-5385-4097-8069-54B6A99C0CA1}
	EndGlobalSection
EndGlobal
